// !$*UTF8*$!
{
	archiveVersion = 1;
	classes = {
	};
	objectVersion = 56;
	objects = {

/* Begin PBXBuildFile section */
		0913CC152BC0608B0071CF2D /* StepSlider.swift in Sources */ = {isa = PBXBuildFile; fileRef = 0913CC142BC0608B0071CF2D /* StepSlider.swift */; };
		0913CC172BC07F460071CF2D /* UILabel+.swift in Sources */ = {isa = PBXBuildFile; fileRef = 0913CC162BC07F460071CF2D /* UILabel+.swift */; };
		0913CC192BC088DC0071CF2D /* UITextField+.swift in Sources */ = {isa = PBXBuildFile; fileRef = 0913CC182BC088DC0071CF2D /* UITextField+.swift */; };
		0913CC1B2BC0A5280071CF2D /* UIViewController+.swift in Sources */ = {isa = PBXBuildFile; fileRef = 0913CC1A2BC0A5280071CF2D /* UIViewController+.swift */; };
		0913CC1D2BC0A81C0071CF2D /* PasswordStepViewController.swift in Sources */ = {isa = PBXBuildFile; fileRef = 0913CC1C2BC0A81C0071CF2D /* PasswordStepViewController.swift */; };
		0913CC1F2BC0AE800071CF2D /* Common.swift in Sources */ = {isa = PBXBuildFile; fileRef = 0913CC1E2BC0AE800071CF2D /* Common.swift */; };
		093235ED2BC0E49300D8CDE8 /* IDStepViewController.swift in Sources */ = {isa = PBXBuildFile; fileRef = 093235EC2BC0E49300D8CDE8 /* IDStepViewController.swift */; };
		093235EF2BC0E62500D8CDE8 /* ProfileImageStepViewController.swift in Sources */ = {isa = PBXBuildFile; fileRef = 093235EE2BC0E62500D8CDE8 /* ProfileImageStepViewController.swift */; };
		095F05842BC0F2C200BCE946 /* TACStepViewController.swift in Sources */ = {isa = PBXBuildFile; fileRef = 095F05832BC0F2C200BCE946 /* TACStepViewController.swift */; };
		095F05862BC1350300BCE946 /* SuccessStepViewController.swift in Sources */ = {isa = PBXBuildFile; fileRef = 095F05852BC1350300BCE946 /* SuccessStepViewController.swift */; };
		095F05892BC13FA400BCE946 /* SignInViewController.swift in Sources */ = {isa = PBXBuildFile; fileRef = 095F05882BC13FA400BCE946 /* SignInViewController.swift */; };
		09BFECCA2BBEDC4900DBF7F1 /* RxCocoa in Frameworks */ = {isa = PBXBuildFile; productRef = 09BFECC92BBEDC4900DBF7F1 /* RxCocoa */; };
		09BFECCC2BBEDC4900DBF7F1 /* RxRelay in Frameworks */ = {isa = PBXBuildFile; productRef = 09BFECCB2BBEDC4900DBF7F1 /* RxRelay */; };
		09BFECCE2BBEDC4900DBF7F1 /* RxSwift in Frameworks */ = {isa = PBXBuildFile; productRef = 09BFECCD2BBEDC4900DBF7F1 /* RxSwift */; };
		09BFECD12BBEDC5900DBF7F1 /* SnapKit in Frameworks */ = {isa = PBXBuildFile; productRef = 09BFECD02BBEDC5900DBF7F1 /* SnapKit */; };
		09BFECD32BBEE98700DBF7F1 /* EmailStepViewController.swift in Sources */ = {isa = PBXBuildFile; fileRef = 09BFECD22BBEE98700DBF7F1 /* EmailStepViewController.swift */; };
		09F77C152BBEA6E20094CFC9 /* AppDelegate.swift in Sources */ = {isa = PBXBuildFile; fileRef = 09F77C142BBEA6E20094CFC9 /* AppDelegate.swift */; };
		09F77C172BBEA6E20094CFC9 /* SceneDelegate.swift in Sources */ = {isa = PBXBuildFile; fileRef = 09F77C162BBEA6E20094CFC9 /* SceneDelegate.swift */; };
		09F77C192BBEA6E20094CFC9 /* MainViewController.swift in Sources */ = {isa = PBXBuildFile; fileRef = 09F77C182BBEA6E20094CFC9 /* MainViewController.swift */; };
		09F77C1E2BBEA6E50094CFC9 /* Assets.xcassets in Resources */ = {isa = PBXBuildFile; fileRef = 09F77C1D2BBEA6E50094CFC9 /* Assets.xcassets */; };
		09F77C212BBEA6E50094CFC9 /* LaunchScreen.storyboard in Resources */ = {isa = PBXBuildFile; fileRef = 09F77C1F2BBEA6E50094CFC9 /* LaunchScreen.storyboard */; };
		09F77C382BBECA580094CFC9 /* UIColor+.swift in Sources */ = {isa = PBXBuildFile; fileRef = 09F77C372BBECA580094CFC9 /* UIColor+.swift */; };
		09F77C3B2BBECE930094CFC9 /* UIButton+.swift in Sources */ = {isa = PBXBuildFile; fileRef = 09F77C3A2BBECE930094CFC9 /* UIButton+.swift */; };
		09F77C3D2BBED0FB0094CFC9 /* UIImage+.swift in Sources */ = {isa = PBXBuildFile; fileRef = 09F77C3C2BBED0FB0094CFC9 /* UIImage+.swift */; };
/* End PBXBuildFile section */

/* Begin PBXFileReference section */
		0913CC142BC0608B0071CF2D /* StepSlider.swift */ = {isa = PBXFileReference; lastKnownFileType = sourcecode.swift; path = StepSlider.swift; sourceTree = "<group>"; };
		0913CC162BC07F460071CF2D /* UILabel+.swift */ = {isa = PBXFileReference; lastKnownFileType = sourcecode.swift; path = "UILabel+.swift"; sourceTree = "<group>"; };
		0913CC182BC088DC0071CF2D /* UITextField+.swift */ = {isa = PBXFileReference; lastKnownFileType = sourcecode.swift; path = "UITextField+.swift"; sourceTree = "<group>"; };
		0913CC1A2BC0A5280071CF2D /* UIViewController+.swift */ = {isa = PBXFileReference; lastKnownFileType = sourcecode.swift; path = "UIViewController+.swift"; sourceTree = "<group>"; };
		0913CC1C2BC0A81C0071CF2D /* PasswordStepViewController.swift */ = {isa = PBXFileReference; lastKnownFileType = sourcecode.swift; path = PasswordStepViewController.swift; sourceTree = "<group>"; };
		0913CC1E2BC0AE800071CF2D /* Common.swift */ = {isa = PBXFileReference; lastKnownFileType = sourcecode.swift; path = Common.swift; sourceTree = "<group>"; };
		093235EC2BC0E49300D8CDE8 /* IDStepViewController.swift */ = {isa = PBXFileReference; lastKnownFileType = sourcecode.swift; path = IDStepViewController.swift; sourceTree = "<group>"; };
		093235EE2BC0E62500D8CDE8 /* ProfileImageStepViewController.swift */ = {isa = PBXFileReference; lastKnownFileType = sourcecode.swift; path = ProfileImageStepViewController.swift; sourceTree = "<group>"; };
		095F05832BC0F2C200BCE946 /* TACStepViewController.swift */ = {isa = PBXFileReference; lastKnownFileType = sourcecode.swift; path = TACStepViewController.swift; sourceTree = "<group>"; };
		095F05852BC1350300BCE946 /* SuccessStepViewController.swift */ = {isa = PBXFileReference; lastKnownFileType = sourcecode.swift; path = SuccessStepViewController.swift; sourceTree = "<group>"; };
		095F05882BC13FA400BCE946 /* SignInViewController.swift */ = {isa = PBXFileReference; lastKnownFileType = sourcecode.swift; path = SignInViewController.swift; sourceTree = "<group>"; };
		09BFECD22BBEE98700DBF7F1 /* EmailStepViewController.swift */ = {isa = PBXFileReference; lastKnownFileType = sourcecode.swift; path = EmailStepViewController.swift; sourceTree = "<group>"; };
		09F77C112BBEA6E20094CFC9 /* TokTok.app */ = {isa = PBXFileReference; explicitFileType = wrapper.application; includeInIndex = 0; path = TokTok.app; sourceTree = BUILT_PRODUCTS_DIR; };
		09F77C142BBEA6E20094CFC9 /* AppDelegate.swift */ = {isa = PBXFileReference; lastKnownFileType = sourcecode.swift; path = AppDelegate.swift; sourceTree = "<group>"; };
		09F77C162BBEA6E20094CFC9 /* SceneDelegate.swift */ = {isa = PBXFileReference; lastKnownFileType = sourcecode.swift; path = SceneDelegate.swift; sourceTree = "<group>"; };
		09F77C182BBEA6E20094CFC9 /* MainViewController.swift */ = {isa = PBXFileReference; lastKnownFileType = sourcecode.swift; path = MainViewController.swift; sourceTree = "<group>"; };
		09F77C1D2BBEA6E50094CFC9 /* Assets.xcassets */ = {isa = PBXFileReference; lastKnownFileType = folder.assetcatalog; path = Assets.xcassets; sourceTree = "<group>"; };
		09F77C202BBEA6E50094CFC9 /* Base */ = {isa = PBXFileReference; lastKnownFileType = file.storyboard; name = Base; path = Base.lproj/LaunchScreen.storyboard; sourceTree = "<group>"; };
		09F77C222BBEA6E50094CFC9 /* Info.plist */ = {isa = PBXFileReference; lastKnownFileType = text.plist.xml; path = Info.plist; sourceTree = "<group>"; };
		09F77C372BBECA580094CFC9 /* UIColor+.swift */ = {isa = PBXFileReference; lastKnownFileType = sourcecode.swift; path = "UIColor+.swift"; sourceTree = "<group>"; };
		09F77C3A2BBECE930094CFC9 /* UIButton+.swift */ = {isa = PBXFileReference; lastKnownFileType = sourcecode.swift; path = "UIButton+.swift"; sourceTree = "<group>"; };
		09F77C3C2BBED0FB0094CFC9 /* UIImage+.swift */ = {isa = PBXFileReference; lastKnownFileType = sourcecode.swift; path = "UIImage+.swift"; sourceTree = "<group>"; };
/* End PBXFileReference section */

/* Begin PBXFrameworksBuildPhase section */
		09F77C0E2BBEA6E20094CFC9 /* Frameworks */ = {
			isa = PBXFrameworksBuildPhase;
			buildActionMask = 2147483647;
			files = (
				09BFECCE2BBEDC4900DBF7F1 /* RxSwift in Frameworks */,
				09BFECD12BBEDC5900DBF7F1 /* SnapKit in Frameworks */,
				09BFECCC2BBEDC4900DBF7F1 /* RxRelay in Frameworks */,
				09BFECCA2BBEDC4900DBF7F1 /* RxCocoa in Frameworks */,
			);
			runOnlyForDeploymentPostprocessing = 0;
		};
/* End PBXFrameworksBuildPhase section */

/* Begin PBXGroup section */
		0913CC122BC05D1F0071CF2D /* Main */ = {
			isa = PBXGroup;
			children = (
				09F77C182BBEA6E20094CFC9 /* MainViewController.swift */,
			);
			path = Main;
			sourceTree = "<group>";
		};
		0913CC132BC05D270071CF2D /* SignUp */ = {
			isa = PBXGroup;
			children = (
				0913CC142BC0608B0071CF2D /* StepSlider.swift */,
				09BFECD22BBEE98700DBF7F1 /* EmailStepViewController.swift */,
				0913CC1C2BC0A81C0071CF2D /* PasswordStepViewController.swift */,
				093235EC2BC0E49300D8CDE8 /* IDStepViewController.swift */,
				093235EE2BC0E62500D8CDE8 /* ProfileImageStepViewController.swift */,
				095F05832BC0F2C200BCE946 /* TACStepViewController.swift */,
				095F05852BC1350300BCE946 /* SuccessStepViewController.swift */,
			);
			path = SignUp;
			sourceTree = "<group>";
		};
		095F05872BC13F9100BCE946 /* SignIn */ = {
			isa = PBXGroup;
			children = (
				095F05882BC13FA400BCE946 /* SignInViewController.swift */,
			);
			path = SignIn;
			sourceTree = "<group>";
		};
		09F77C082BBEA6E20094CFC9 = {
			isa = PBXGroup;
			children = (
				09F77C132BBEA6E20094CFC9 /* TokTok */,
				09F77C122BBEA6E20094CFC9 /* Products */,
			);
			sourceTree = "<group>";
		};
		09F77C122BBEA6E20094CFC9 /* Products */ = {
			isa = PBXGroup;
			children = (
				09F77C112BBEA6E20094CFC9 /* TokTok.app */,
			);
			name = Products;
			sourceTree = "<group>";
		};
		09F77C132BBEA6E20094CFC9 /* TokTok */ = {
			isa = PBXGroup;
			children = (
				09F77C142BBEA6E20094CFC9 /* AppDelegate.swift */,
				09F77C162BBEA6E20094CFC9 /* SceneDelegate.swift */,
				0913CC1E2BC0AE800071CF2D /* Common.swift */,
				09F77C362BBEB5640094CFC9 /* Scenes */,
				09F77C392BBECAAC0094CFC9 /* Extensions */,
				09F77C1D2BBEA6E50094CFC9 /* Assets.xcassets */,
				09F77C1F2BBEA6E50094CFC9 /* LaunchScreen.storyboard */,
				09F77C222BBEA6E50094CFC9 /* Info.plist */,
			);
			path = TokTok;
			sourceTree = "<group>";
		};
		09F77C362BBEB5640094CFC9 /* Scenes */ = {
			isa = PBXGroup;
			children = (
				0913CC122BC05D1F0071CF2D /* Main */,
				0913CC132BC05D270071CF2D /* SignUp */,
				095F05872BC13F9100BCE946 /* SignIn */,
			);
			path = Scenes;
			sourceTree = "<group>";
		};
		09F77C392BBECAAC0094CFC9 /* Extensions */ = {
			isa = PBXGroup;
			children = (
				09F77C372BBECA580094CFC9 /* UIColor+.swift */,
				09F77C3A2BBECE930094CFC9 /* UIButton+.swift */,
				09F77C3C2BBED0FB0094CFC9 /* UIImage+.swift */,
				0913CC162BC07F460071CF2D /* UILabel+.swift */,
				0913CC182BC088DC0071CF2D /* UITextField+.swift */,
				0913CC1A2BC0A5280071CF2D /* UIViewController+.swift */,
			);
			path = Extensions;
			sourceTree = "<group>";
		};
/* End PBXGroup section */

/* Begin PBXNativeTarget section */
		09F77C102BBEA6E20094CFC9 /* TokTok */ = {
			isa = PBXNativeTarget;
			buildConfigurationList = 09F77C252BBEA6E50094CFC9 /* Build configuration list for PBXNativeTarget "TokTok" */;
			buildPhases = (
				09F77C0D2BBEA6E20094CFC9 /* Sources */,
				09F77C0E2BBEA6E20094CFC9 /* Frameworks */,
				09F77C0F2BBEA6E20094CFC9 /* Resources */,
			);
			buildRules = (
			);
			dependencies = (
			);
			name = TokTok;
			packageProductDependencies = (
				09BFECC92BBEDC4900DBF7F1 /* RxCocoa */,
				09BFECCB2BBEDC4900DBF7F1 /* RxRelay */,
				09BFECCD2BBEDC4900DBF7F1 /* RxSwift */,
				09BFECD02BBEDC5900DBF7F1 /* SnapKit */,
			);
			productName = TokTok;
			productReference = 09F77C112BBEA6E20094CFC9 /* TokTok.app */;
			productType = "com.apple.product-type.application";
		};
/* End PBXNativeTarget section */

/* Begin PBXProject section */
		09F77C092BBEA6E20094CFC9 /* Project object */ = {
			isa = PBXProject;
			attributes = {
				BuildIndependentTargetsInParallel = 1;
				LastSwiftUpdateCheck = 1430;
				LastUpgradeCheck = 1430;
				TargetAttributes = {
					09F77C102BBEA6E20094CFC9 = {
						CreatedOnToolsVersion = 14.3.1;
					};
				};
			};
			buildConfigurationList = 09F77C0C2BBEA6E20094CFC9 /* Build configuration list for PBXProject "TokTok" */;
			compatibilityVersion = "Xcode 14.0";
			developmentRegion = en;
			hasScannedForEncodings = 0;
			knownRegions = (
				en,
				Base,
			);
			mainGroup = 09F77C082BBEA6E20094CFC9;
			packageReferences = (
				09BFECC82BBEDC4900DBF7F1 /* XCRemoteSwiftPackageReference "rxswift" */,
				09BFECCF2BBEDC5900DBF7F1 /* XCRemoteSwiftPackageReference "Snapkit" */,
			);
			productRefGroup = 09F77C122BBEA6E20094CFC9 /* Products */;
			projectDirPath = "";
			projectRoot = "";
			targets = (
				09F77C102BBEA6E20094CFC9 /* TokTok */,
			);
		};
/* End PBXProject section */

/* Begin PBXResourcesBuildPhase section */
		09F77C0F2BBEA6E20094CFC9 /* Resources */ = {
			isa = PBXResourcesBuildPhase;
			buildActionMask = 2147483647;
			files = (
				09F77C212BBEA6E50094CFC9 /* LaunchScreen.storyboard in Resources */,
				09F77C1E2BBEA6E50094CFC9 /* Assets.xcassets in Resources */,
			);
			runOnlyForDeploymentPostprocessing = 0;
		};
/* End PBXResourcesBuildPhase section */

/* Begin PBXSourcesBuildPhase section */
		09F77C0D2BBEA6E20094CFC9 /* Sources */ = {
			isa = PBXSourcesBuildPhase;
			buildActionMask = 2147483647;
			files = (
				0913CC172BC07F460071CF2D /* UILabel+.swift in Sources */,
				0913CC192BC088DC0071CF2D /* UITextField+.swift in Sources */,
				0913CC1F2BC0AE800071CF2D /* Common.swift in Sources */,
				09F77C192BBEA6E20094CFC9 /* MainViewController.swift in Sources */,
				0913CC1B2BC0A5280071CF2D /* UIViewController+.swift in Sources */,
				09BFECD32BBEE98700DBF7F1 /* EmailStepViewController.swift in Sources */,
				0913CC152BC0608B0071CF2D /* StepSlider.swift in Sources */,
				09F77C382BBECA580094CFC9 /* UIColor+.swift in Sources */,
				093235ED2BC0E49300D8CDE8 /* IDStepViewController.swift in Sources */,
				095F05842BC0F2C200BCE946 /* TACStepViewController.swift in Sources */,
				09F77C152BBEA6E20094CFC9 /* AppDelegate.swift in Sources */,
				09F77C3D2BBED0FB0094CFC9 /* UIImage+.swift in Sources */,
				095F05862BC1350300BCE946 /* SuccessStepViewController.swift in Sources */,
				0913CC1D2BC0A81C0071CF2D /* PasswordStepViewController.swift in Sources */,
				095F05892BC13FA400BCE946 /* SignInViewController.swift in Sources */,
				09F77C172BBEA6E20094CFC9 /* SceneDelegate.swift in Sources */,
				093235EF2BC0E62500D8CDE8 /* ProfileImageStepViewController.swift in Sources */,
				09F77C3B2BBECE930094CFC9 /* UIButton+.swift in Sources */,
			);
			runOnlyForDeploymentPostprocessing = 0;
		};
/* End PBXSourcesBuildPhase section */

/* Begin PBXVariantGroup section */
		09F77C1F2BBEA6E50094CFC9 /* LaunchScreen.storyboard */ = {
			isa = PBXVariantGroup;
			children = (
				09F77C202BBEA6E50094CFC9 /* Base */,
			);
			name = LaunchScreen.storyboard;
			sourceTree = "<group>";
		};
/* End PBXVariantGroup section */

/* Begin XCBuildConfiguration section */
		09F77C232BBEA6E50094CFC9 /* Debug */ = {
			isa = XCBuildConfiguration;
			buildSettings = {
				ALWAYS_SEARCH_USER_PATHS = NO;
				CLANG_ANALYZER_NONNULL = YES;
				CLANG_ANALYZER_NUMBER_OBJECT_CONVERSION = YES_AGGRESSIVE;
				CLANG_CXX_LANGUAGE_STANDARD = "gnu++20";
				CLANG_ENABLE_MODULES = YES;
				CLANG_ENABLE_OBJC_ARC = YES;
				CLANG_ENABLE_OBJC_WEAK = YES;
				CLANG_WARN_BLOCK_CAPTURE_AUTORELEASING = YES;
				CLANG_WARN_BOOL_CONVERSION = YES;
				CLANG_WARN_COMMA = YES;
				CLANG_WARN_CONSTANT_CONVERSION = YES;
				CLANG_WARN_DEPRECATED_OBJC_IMPLEMENTATIONS = YES;
				CLANG_WARN_DIRECT_OBJC_ISA_USAGE = YES_ERROR;
				CLANG_WARN_DOCUMENTATION_COMMENTS = YES;
				CLANG_WARN_EMPTY_BODY = YES;
				CLANG_WARN_ENUM_CONVERSION = YES;
				CLANG_WARN_INFINITE_RECURSION = YES;
				CLANG_WARN_INT_CONVERSION = YES;
				CLANG_WARN_NON_LITERAL_NULL_CONVERSION = YES;
				CLANG_WARN_OBJC_IMPLICIT_RETAIN_SELF = YES;
				CLANG_WARN_OBJC_LITERAL_CONVERSION = YES;
				CLANG_WARN_OBJC_ROOT_CLASS = YES_ERROR;
				CLANG_WARN_QUOTED_INCLUDE_IN_FRAMEWORK_HEADER = YES;
				CLANG_WARN_RANGE_LOOP_ANALYSIS = YES;
				CLANG_WARN_STRICT_PROTOTYPES = YES;
				CLANG_WARN_SUSPICIOUS_MOVE = YES;
				CLANG_WARN_UNGUARDED_AVAILABILITY = YES_AGGRESSIVE;
				CLANG_WARN_UNREACHABLE_CODE = YES;
				CLANG_WARN__DUPLICATE_METHOD_MATCH = YES;
				COPY_PHASE_STRIP = NO;
				DEBUG_INFORMATION_FORMAT = dwarf;
				ENABLE_STRICT_OBJC_MSGSEND = YES;
				ENABLE_TESTABILITY = YES;
				GCC_C_LANGUAGE_STANDARD = gnu11;
				GCC_DYNAMIC_NO_PIC = NO;
				GCC_NO_COMMON_BLOCKS = YES;
				GCC_OPTIMIZATION_LEVEL = 0;
				GCC_PREPROCESSOR_DEFINITIONS = (
					"DEBUG=1",
					"$(inherited)",
				);
				GCC_WARN_64_TO_32_BIT_CONVERSION = YES;
				GCC_WARN_ABOUT_RETURN_TYPE = YES_ERROR;
				GCC_WARN_UNDECLARED_SELECTOR = YES;
				GCC_WARN_UNINITIALIZED_AUTOS = YES_AGGRESSIVE;
				GCC_WARN_UNUSED_FUNCTION = YES;
				GCC_WARN_UNUSED_VARIABLE = YES;
				IPHONEOS_DEPLOYMENT_TARGET = 16.4;
				MTL_ENABLE_DEBUG_INFO = INCLUDE_SOURCE;
				MTL_FAST_MATH = YES;
				ONLY_ACTIVE_ARCH = YES;
				SDKROOT = iphoneos;
				SWIFT_ACTIVE_COMPILATION_CONDITIONS = DEBUG;
				SWIFT_OPTIMIZATION_LEVEL = "-Onone";
			};
			name = Debug;
		};
		09F77C242BBEA6E50094CFC9 /* Release */ = {
			isa = XCBuildConfiguration;
			buildSettings = {
				ALWAYS_SEARCH_USER_PATHS = NO;
				CLANG_ANALYZER_NONNULL = YES;
				CLANG_ANALYZER_NUMBER_OBJECT_CONVERSION = YES_AGGRESSIVE;
				CLANG_CXX_LANGUAGE_STANDARD = "gnu++20";
				CLANG_ENABLE_MODULES = YES;
				CLANG_ENABLE_OBJC_ARC = YES;
				CLANG_ENABLE_OBJC_WEAK = YES;
				CLANG_WARN_BLOCK_CAPTURE_AUTORELEASING = YES;
				CLANG_WARN_BOOL_CONVERSION = YES;
				CLANG_WARN_COMMA = YES;
				CLANG_WARN_CONSTANT_CONVERSION = YES;
				CLANG_WARN_DEPRECATED_OBJC_IMPLEMENTATIONS = YES;
				CLANG_WARN_DIRECT_OBJC_ISA_USAGE = YES_ERROR;
				CLANG_WARN_DOCUMENTATION_COMMENTS = YES;
				CLANG_WARN_EMPTY_BODY = YES;
				CLANG_WARN_ENUM_CONVERSION = YES;
				CLANG_WARN_INFINITE_RECURSION = YES;
				CLANG_WARN_INT_CONVERSION = YES;
				CLANG_WARN_NON_LITERAL_NULL_CONVERSION = YES;
				CLANG_WARN_OBJC_IMPLICIT_RETAIN_SELF = YES;
				CLANG_WARN_OBJC_LITERAL_CONVERSION = YES;
				CLANG_WARN_OBJC_ROOT_CLASS = YES_ERROR;
				CLANG_WARN_QUOTED_INCLUDE_IN_FRAMEWORK_HEADER = YES;
				CLANG_WARN_RANGE_LOOP_ANALYSIS = YES;
				CLANG_WARN_STRICT_PROTOTYPES = YES;
				CLANG_WARN_SUSPICIOUS_MOVE = YES;
				CLANG_WARN_UNGUARDED_AVAILABILITY = YES_AGGRESSIVE;
				CLANG_WARN_UNREACHABLE_CODE = YES;
				CLANG_WARN__DUPLICATE_METHOD_MATCH = YES;
				COPY_PHASE_STRIP = NO;
				DEBUG_INFORMATION_FORMAT = "dwarf-with-dsym";
				ENABLE_NS_ASSERTIONS = NO;
				ENABLE_STRICT_OBJC_MSGSEND = YES;
				GCC_C_LANGUAGE_STANDARD = gnu11;
				GCC_NO_COMMON_BLOCKS = YES;
				GCC_WARN_64_TO_32_BIT_CONVERSION = YES;
				GCC_WARN_ABOUT_RETURN_TYPE = YES_ERROR;
				GCC_WARN_UNDECLARED_SELECTOR = YES;
				GCC_WARN_UNINITIALIZED_AUTOS = YES_AGGRESSIVE;
				GCC_WARN_UNUSED_FUNCTION = YES;
				GCC_WARN_UNUSED_VARIABLE = YES;
				IPHONEOS_DEPLOYMENT_TARGET = 16.4;
				MTL_ENABLE_DEBUG_INFO = NO;
				MTL_FAST_MATH = YES;
				SDKROOT = iphoneos;
				SWIFT_COMPILATION_MODE = wholemodule;
				SWIFT_OPTIMIZATION_LEVEL = "-O";
				VALIDATE_PRODUCT = YES;
			};
			name = Release;
		};
		09F77C262BBEA6E50094CFC9 /* Debug */ = {
			isa = XCBuildConfiguration;
			buildSettings = {
				ASSETCATALOG_COMPILER_APPICON_NAME = AppIcon;
				ASSETCATALOG_COMPILER_GLOBAL_ACCENT_COLOR_NAME = AccentColor;
				CODE_SIGN_STYLE = Automatic;
				CURRENT_PROJECT_VERSION = 1;
				DEVELOPMENT_TEAM = 47453KXQGG;
				GENERATE_INFOPLIST_FILE = YES;
				INFOPLIST_FILE = TokTok/Info.plist;
				INFOPLIST_KEY_UIApplicationSupportsIndirectInputEvents = YES;
				INFOPLIST_KEY_UILaunchStoryboardName = LaunchScreen;
				INFOPLIST_KEY_UISupportedInterfaceOrientations_iPad = "UIInterfaceOrientationPortrait UIInterfaceOrientationPortraitUpsideDown UIInterfaceOrientationLandscapeLeft UIInterfaceOrientationLandscapeRight";
				INFOPLIST_KEY_UISupportedInterfaceOrientations_iPhone = "UIInterfaceOrientationPortrait UIInterfaceOrientationLandscapeLeft UIInterfaceOrientationLandscapeRight";
				LD_RUNPATH_SEARCH_PATHS = (
					"$(inherited)",
					"@executable_path/Frameworks",
				);
				MARKETING_VERSION = 1.0;
				PRODUCT_BUNDLE_IDENTIFIER = com.mijisuh.TokTok;
				PRODUCT_NAME = "$(TARGET_NAME)";
				SWIFT_EMIT_LOC_STRINGS = YES;
				SWIFT_VERSION = 5.0;
				TARGETED_DEVICE_FAMILY = "1,2";
			};
			name = Debug;
		};
		09F77C272BBEA6E50094CFC9 /* Release */ = {
			isa = XCBuildConfiguration;
			buildSettings = {
				ASSETCATALOG_COMPILER_APPICON_NAME = AppIcon;
				ASSETCATALOG_COMPILER_GLOBAL_ACCENT_COLOR_NAME = AccentColor;
				CODE_SIGN_STYLE = Automatic;
				CURRENT_PROJECT_VERSION = 1;
				DEVELOPMENT_TEAM = 47453KXQGG;
				GENERATE_INFOPLIST_FILE = YES;
				INFOPLIST_FILE = TokTok/Info.plist;
				INFOPLIST_KEY_UIApplicationSupportsIndirectInputEvents = YES;
				INFOPLIST_KEY_UILaunchStoryboardName = LaunchScreen;
				INFOPLIST_KEY_UISupportedInterfaceOrientations_iPad = "UIInterfaceOrientationPortrait UIInterfaceOrientationPortraitUpsideDown UIInterfaceOrientationLandscapeLeft UIInterfaceOrientationLandscapeRight";
				INFOPLIST_KEY_UISupportedInterfaceOrientations_iPhone = "UIInterfaceOrientationPortrait UIInterfaceOrientationLandscapeLeft UIInterfaceOrientationLandscapeRight";
				LD_RUNPATH_SEARCH_PATHS = (
					"$(inherited)",
					"@executable_path/Frameworks",
				);
				MARKETING_VERSION = 1.0;
				PRODUCT_BUNDLE_IDENTIFIER = com.mijisuh.TokTok;
				PRODUCT_NAME = "$(TARGET_NAME)";
				SWIFT_EMIT_LOC_STRINGS = YES;
				SWIFT_VERSION = 5.0;
				TARGETED_DEVICE_FAMILY = "1,2";
			};
			name = Release;
		};
/* End XCBuildConfiguration section */

/* Begin XCConfigurationList section */
		09F77C0C2BBEA6E20094CFC9 /* Build configuration list for PBXProject "TokTok" */ = {
			isa = XCConfigurationList;
			buildConfigurations = (
				09F77C232BBEA6E50094CFC9 /* Debug */,
				09F77C242BBEA6E50094CFC9 /* Release */,
			);
			defaultConfigurationIsVisible = 0;
			defaultConfigurationName = Release;
		};
		09F77C252BBEA6E50094CFC9 /* Build configuration list for PBXNativeTarget "TokTok" */ = {
			isa = XCConfigurationList;
			buildConfigurations = (
				09F77C262BBEA6E50094CFC9 /* Debug */,
				09F77C272BBEA6E50094CFC9 /* Release */,
			);
			defaultConfigurationIsVisible = 0;
			defaultConfigurationName = Release;
		};
/* End XCConfigurationList section */

/* Begin XCRemoteSwiftPackageReference section */
		09BFECC82BBEDC4900DBF7F1 /* XCRemoteSwiftPackageReference "rxswift" */ = {
			isa = XCRemoteSwiftPackageReference;
			repositoryURL = "https://github.com/reactivex/rxswift.git";
			requirement = {
				kind = upToNextMajorVersion;
				minimumVersion = 6.0.0;
			};
		};
		09BFECCF2BBEDC5900DBF7F1 /* XCRemoteSwiftPackageReference "Snapkit" */ = {
			isa = XCRemoteSwiftPackageReference;
			repositoryURL = "https://github.com/Snapkit/Snapkit.git";
			requirement = {
				kind = upToNextMajorVersion;
				minimumVersion = 5.0.0;
			};
		};
/* End XCRemoteSwiftPackageReference section */

/* Begin XCSwiftPackageProductDependency section */
		09BFECC92BBEDC4900DBF7F1 /* RxCocoa */ = {
			isa = XCSwiftPackageProductDependency;
			package = 09BFECC82BBEDC4900DBF7F1 /* XCRemoteSwiftPackageReference "rxswift" */;
			productName = RxCocoa;
		};
		09BFECCB2BBEDC4900DBF7F1 /* RxRelay */ = {
			isa = XCSwiftPackageProductDependency;
			package = 09BFECC82BBEDC4900DBF7F1 /* XCRemoteSwiftPackageReference "rxswift" */;
			productName = RxRelay;
		};
		09BFECCD2BBEDC4900DBF7F1 /* RxSwift */ = {
			isa = XCSwiftPackageProductDependency;
			package = 09BFECC82BBEDC4900DBF7F1 /* XCRemoteSwiftPackageReference "rxswift" */;
			productName = RxSwift;
		};
		09BFECD02BBEDC5900DBF7F1 /* SnapKit */ = {
			isa = XCSwiftPackageProductDependency;
			package = 09BFECCF2BBEDC5900DBF7F1 /* XCRemoteSwiftPackageReference "Snapkit" */;
			productName = SnapKit;
		};
/* End XCSwiftPackageProductDependency section */
	};
	rootObject = 09F77C092BBEA6E20094CFC9 /* Project object */;
}
